
Microsoft Visual Studio Solution File, Format Version 12.00
# Visual Studio Version 17
VisualStudioVersion = 17.7.34024.191
MinimumVisualStudioVersion = 10.0.40219.1
Project("{FAE04EC0-301F-11D3-BF4B-00C04F79EFBC}") = "$projectname$", "ModTemplate\$projectname$.csproj", "{7ACBDE8F-F2A7-4AF7-A39E-F277EF9502D4}"
EndProject
Global
	GlobalSection(SolutionConfigurationPlatforms) = preSolution
		Debug|Any CPU = Debug|Any CPU
		Release|Any CPU = Release|Any CPU
	EndGlobalSection
	GlobalSection(ProjectConfigurationPlatforms) = postSolution
		{7ACBDE8F-F2A7-4AF7-A39E-F277EF9502D4}.Debug|Any CPU.ActiveCfg = Debug|Any CPU
		{7ACBDE8F-F2A7-4AF7-A39E-F277EF9502D4}.Debug|Any CPU.Build.0 = Debug|Any CPU
		{7ACBDE8F-F2A7-4AF7-A39E-F277EF9502D4}.Release|Any CPU.ActiveCfg = Release|Any CPU
		{7ACBDE8F-F2A7-4AF7-A39E-F277EF9502D4}.Release|Any CPU.Build.0 = Release|Any CPU
	EndGlobalSection
	GlobalSection(SolutionProperties) = preSolution
		HideSolutionNode = FALSE
	EndGlobalSection
	GlobalSection(ExtensibilityGlobals) = postSolution
		SolutionGuid = {5D7DB04E-AE57-495B-B188-9B5ECFA5A7C3}
	EndGlobalSection
EndGlobal
